
Microsoft Visual Studio Solution File, Format Version 12.00
# Visual Studio Version 16
VisualStudioVersion = 16.0.30621.155
MinimumVisualStudioVersion = 10.0.40219.1
Project("{FAE04EC0-301F-11D3-BF4B-00C04F79EFBC}") = "Program Gaji Pegawai", "Program Gaji Pegawai\Program Gaji Pegawai.csproj", "{504AB86B-9969-411A-B711-E13A92FC18A7}"
EndProject
Global
	GlobalSection(SolutionConfigurationPlatforms) = preSolution
		Debug|Any CPU = Debug|Any CPU
		Release|Any CPU = Release|Any CPU
	EndGlobalSection
	GlobalSection(ProjectConfigurationPlatforms) = postSolution
		{504AB86B-9969-411A-B711-E13A92FC18A7}.Debug|Any CPU.ActiveCfg = Debug|Any CPU
		{504AB86B-9969-411A-B711-E13A92FC18A7}.Debug|Any CPU.Build.0 = Debug|Any CPU
		{504AB86B-9969-411A-B711-E13A92FC18A7}.Release|Any CPU.ActiveCfg = Release|Any CPU
		{504AB86B-9969-411A-B711-E13A92FC18A7}.Release|Any CPU.Build.0 = Release|Any CPU
	EndGlobalSection
	GlobalSection(SolutionProperties) = preSolution
		HideSolutionNode = FALSE
	EndGlobalSection
	GlobalSection(ExtensibilityGlobals) = postSolution
		SolutionGuid = {EAA99847-67B6-483A-A683-E3C05BC8B9FC}
	EndGlobalSection
EndGlobal
